<?xml version="1.0" encoding="utf-8"?>
<Project ToolsVersion="4.0" xmlns="http://schemas.microsoft.com/developer/msbuild/2003">
  <ItemGroup>
    <Filter Include="头文件">
      <UniqueIdentifier>{93995380-89BD-4b04-88EB-625FBE52EBFB}</UniqueIdentifier>
      <Extensions>h;hh;hpp;hxx;hm;inl;inc;ipp;xsd</Extensions>
    </Filter>
    <Filter Include="资源文件">
      <UniqueIdentifier>{67DA6AB6-F800-4c08-8B7A-83BB121AAD01}</UniqueIdentifier>
      <Extensions>rc;ico;cur;bmp;dlg;rc2;rct;bin;rgs;gif;jpg;jpeg;jpe;resx;tiff;tif;png;wav;mfcribbon-ms</Extensions>
    </Filter>
    <Filter Include="源文件">
      <UniqueIdentifier>{4FC737F1-C7A5-4376-A066-2A32D752A2FF}</UniqueIdentifier>
      <Extensions>cpp;c;cc;cxx;def;odl;idl;hpj;bat;asm;asmx</Extensions>
    </Filter>
    <Filter Include="资源文件\shaderScript">
      <UniqueIdentifier>{9a9b41f2-744d-4aa4-911c-71dd9f0c95c1}</UniqueIdentifier>
    </Filter>
    <Filter Include="资源文件\shaderScript\vertex">
      <UniqueIdentifier>{6fa19abc-8aea-4c68-9d7c-bed386051a82}</UniqueIdentifier>
    </Filter>
    <Filter Include="资源文件\shaderScript\fragment">
      <UniqueIdentifier>{7ecdea22-f000-426a-93db-fd233cd27875}</UniqueIdentifier>
    </Filter>
    <Filter Include="资源文件\image">
      <UniqueIdentifier>{059aa1df-58cc-493e-9b6e-6d3d5383cfe6}</UniqueIdentifier>
    </Filter>
  </ItemGroup>
  <ItemGroup>
    <ClCompile Include="main.cpp">
      <Filter>源文件</Filter>
    </ClCompile>
    <ClCompile Include="src\glad.c">
      <Filter>源文件</Filter>
    </ClCompile>
  </ItemGroup>
  <ItemGroup>
    <ClInclude Include="header\shader.h">
      <Filter>头文件</Filter>
    </ClInclude>
    <ClInclude Include="header\camera.h">
      <Filter>头文件</Filter>
    </ClInclude>
    <ClInclude Include="header\vertices.h">
      <Filter>头文件</Filter>
    </ClInclude>
    <ClInclude Include="header\texture_loader.h">
      <Filter>头文件</Filter>
    </ClInclude>
  </ItemGroup>
  <ItemGroup>
    <Image Include="image\awesomeface.png">
      <Filter>资源文件\image</Filter>
    </Image>
    <Image Include="image\container.jpg">
      <Filter>资源文件\image</Filter>
    </Image>
    <Image Include="image\wall.jpg">
      <Filter>资源文件\image</Filter>
    </Image>
  </ItemGroup>
  <ItemGroup>
    <None Include="shaderScript\vertex\v_mix">
      <Filter>资源文件\shaderScript\vertex</Filter>
    </None>
    <None Include="shaderScript\fragment\f_mix">
      <Filter>资源文件\shaderScript\fragment</Filter>
    </None>
    <None Include="..\README.md">
      <Filter>资源文件</Filter>
    </None>
    <None Include="shaderScript\vertex\v_mix_rotate">
      <Filter>资源文件\shaderScript\vertex</Filter>
    </None>
    <None Include="shaderScript\fragment\f_mix_rotate">
      <Filter>资源文件\shaderScript\fragment</Filter>
    </None>
    <None Include="shaderScript\vertex\v_mix_3D">
      <Filter>资源文件\shaderScript\vertex</Filter>
    </None>
    <None Include="shaderScript\fragment\f_mix_3D">
      <Filter>资源文件\shaderScript\fragment</Filter>
    </None>
    <None Include="shaderScript\fragment\f_camera_3D">
      <Filter>资源文件\shaderScript\fragment</Filter>
    </None>
    <None Include="shaderScript\vertex\v_camera_3D">
      <Filter>资源文件\shaderScript\vertex</Filter>
    </None>
  </ItemGroup>
</Project>